{
  "name": "project45-dev-playground",
  "version": "1.0.0",
  "lockfileVersion": 3,
  "requires": true,
  "packages": {
    "": {
      "name": "project45-dev-playground",
      "version": "1.0.0",
      "license": "ISC",
      "dependencies": {
        "steamdown": "^0.2.1"
      }
    },
    "node_modules/marked": {
      "version": "4.3.0",
      "resolved": "https://registry.npmjs.org/marked/-/marked-4.3.0.tgz",
      "integrity": "sha512-PRsaiG84bK+AMvxziE/lCFss8juXjNaWzVbN5tXAm4XjeaS9NAHhop+PjQxz2A9h8Q4M/xGmzP8vqNwy6JeK0A==",
      "license": "MIT",
      "bin": {
        "marked": "bin/marked.js"
      },
      "engines": {
        "node": ">= 12"
      }
    },
    "node_modules/steamdown": {
      "version": "0.2.1",
      "resolved": "https://registry.npmjs.org/steamdown/-/steamdown-0.2.1.tgz",
      "integrity": "sha512-ykmblQSvEW5lKpQ9Crzitxapima9Jn7rdtDLV93wrZBLahYTBjSbEog0YFPvBJSuEIj2q6sv7b24Mw2mjDFGEQ==",
      "license": "MIT",
      "dependencies": {
        "marked": "^4.2.5"
      },
      "bin": {
        "steamdown": "bin/steamdown.js",
        "stmd": "bin/steamdown.js"
      }
    }
  }
}
